// !$*UTF8*$!
{
	archiveVersion = 1;
	classes = {
	};
	objectVersion = 50;
	objects = {

/* Begin PBXBuildFile section */
		D42E44B7249669A500CD7C38 /* AppDelegate.m in Sources */ = {isa = PBXBuildFile; fileRef = D42E44B6249669A500CD7C38 /* AppDelegate.m */; };
		D42E44BA249669A500CD7C38 /* SceneDelegate.m in Sources */ = {isa = PBXBuildFile; fileRef = D42E44B9249669A500CD7C38 /* SceneDelegate.m */; };
		D42E44BD249669A500CD7C38 /* ViewController.m in Sources */ = {isa = PBXBuildFile; fileRef = D42E44BC249669A500CD7C38 /* ViewController.m */; };
		D42E44C0249669A500CD7C38 /* Main.storyboard in Resources */ = {isa = PBXBuildFile; fileRef = D42E44BE249669A500CD7C38 /* Main.storyboard */; };
		D42E44C2249669A600CD7C38 /* Assets.xcassets in Resources */ = {isa = PBXBuildFile; fileRef = D42E44C1249669A600CD7C38 /* Assets.xcassets */; };
		D42E44C5249669A600CD7C38 /* LaunchScreen.storyboard in Resources */ = {isa = PBXBuildFile; fileRef = D42E44C3249669A600CD7C38 /* LaunchScreen.storyboard */; };
		D42E44C8249669A600CD7C38 /* main.m in Sources */ = {isa = PBXBuildFile; fileRef = D42E44C7249669A600CD7C38 /* main.m */; };
		D42E44D2249669A600CD7C38 /* Assal_Assignment1Tests.m in Sources */ = {isa = PBXBuildFile; fileRef = D42E44D1249669A600CD7C38 /* Assal_Assignment1Tests.m */; };
		D42E44DD249669A600CD7C38 /* Assal_Assignment1UITests.m in Sources */ = {isa = PBXBuildFile; fileRef = D42E44DC249669A600CD7C38 /* Assal_Assignment1UITests.m */; };
		D447399C249908EE00E5E305 /* ManagerViewController.m in Sources */ = {isa = PBXBuildFile; fileRef = D447399B249908EE00E5E305 /* ManagerViewController.m */; };
		D447399F2499091300E5E305 /* HistoryViewController.m in Sources */ = {isa = PBXBuildFile; fileRef = D447399E2499091300E5E305 /* HistoryViewController.m */; };
		D44739A22499092000E5E305 /* ResetViewController.m in Sources */ = {isa = PBXBuildFile; fileRef = D44739A12499092000E5E305 /* ResetViewController.m */; };
		D47A54232496E03500626063 /* Ticket.m in Sources */ = {isa = PBXBuildFile; fileRef = D47A54222496E03500626063 /* Ticket.m */; };
		D47A54262496E04C00626063 /* SoldTicket.m in Sources */ = {isa = PBXBuildFile; fileRef = D47A54252496E04C00626063 /* SoldTicket.m */; };
		D47A54292496E06000626063 /* TicketMaster.m in Sources */ = {isa = PBXBuildFile; fileRef = D47A54282496E06000626063 /* TicketMaster.m */; };
		D49382E2249FA0D500F4C112 /* PurchaseDetailViewController.m in Sources */ = {isa = PBXBuildFile; fileRef = D49382E1249FA0D500F4C112 /* PurchaseDetailViewController.m */; };
/* End PBXBuildFile section */

/* Begin PBXContainerItemProxy section */
		D42E44CE249669A600CD7C38 /* PBXContainerItemProxy */ = {
			isa = PBXContainerItemProxy;
			containerPortal = D42E44AA249669A500CD7C38 /* Project object */;
			proxyType = 1;
			remoteGlobalIDString = D42E44B1249669A500CD7C38;
			remoteInfo = Assal_Assignment1;
		};
		D42E44D9249669A600CD7C38 /* PBXContainerItemProxy */ = {
			isa = PBXContainerItemProxy;
			containerPortal = D42E44AA249669A500CD7C38 /* Project object */;
			proxyType = 1;
			remoteGlobalIDString = D42E44B1249669A500CD7C38;
			remoteInfo = Assal_Assignment1;
		};
/* End PBXContainerItemProxy section */

/* Begin PBXFileReference section */
		D42E44B2249669A500CD7C38 /* Assal_Assignment1.app */ = {isa = PBXFileReference; explicitFileType = wrapper.application; includeInIndex = 0; path = Assal_Assignment1.app; sourceTree = BUILT_PRODUCTS_DIR; };
		D42E44B5249669A500CD7C38 /* AppDelegate.h */ = {isa = PBXFileReference; lastKnownFileType = sourcecode.c.h; path = AppDelegate.h; sourceTree = "<group>"; };
		D42E44B6249669A500CD7C38 /* AppDelegate.m */ = {isa = PBXFileReference; lastKnownFileType = sourcecode.c.objc; path = AppDelegate.m; sourceTree = "<group>"; };
		D42E44B8249669A500CD7C38 /* SceneDelegate.h */ = {isa = PBXFileReference; lastKnownFileType = sourcecode.c.h; path = SceneDelegate.h; sourceTree = "<group>"; };
		D42E44B9249669A500CD7C38 /* SceneDelegate.m */ = {isa = PBXFileReference; lastKnownFileType = sourcecode.c.objc; path = SceneDelegate.m; sourceTree = "<group>"; };
		D42E44BB249669A500CD7C38 /* ViewController.h */ = {isa = PBXFileReference; lastKnownFileType = sourcecode.c.h; path = ViewController.h; sourceTree = "<group>"; };
		D42E44BC249669A500CD7C38 /* ViewController.m */ = {isa = PBXFileReference; lastKnownFileType = sourcecode.c.objc; path = ViewController.m; sourceTree = "<group>"; };
		D42E44BF249669A500CD7C38 /* Base */ = {isa = PBXFileReference; lastKnownFileType = file.storyboard; name = Base; path = Base.lproj/Main.storyboard; sourceTree = "<group>"; };
		D42E44C1249669A600CD7C38 /* Assets.xcassets */ = {isa = PBXFileReference; lastKnownFileType = folder.assetcatalog; path = Assets.xcassets; sourceTree = "<group>"; };
		D42E44C4249669A600CD7C38 /* Base */ = {isa = PBXFileReference; lastKnownFileType = file.storyboard; name = Base; path = Base.lproj/LaunchScreen.storyboard; sourceTree = "<group>"; };
		D42E44C6249669A600CD7C38 /* Info.plist */ = {isa = PBXFileReference; lastKnownFileType = text.plist.xml; path = Info.plist; sourceTree = "<group>"; };
		D42E44C7249669A600CD7C38 /* main.m */ = {isa = PBXFileReference; lastKnownFileType = sourcecode.c.objc; path = main.m; sourceTree = "<group>"; };
		D42E44CD249669A600CD7C38 /* Assal_Assignment1Tests.xctest */ = {isa = PBXFileReference; explicitFileType = wrapper.cfbundle; includeInIndex = 0; path = Assal_Assignment1Tests.xctest; sourceTree = BUILT_PRODUCTS_DIR; };
		D42E44D1249669A600CD7C38 /* Assal_Assignment1Tests.m */ = {isa = PBXFileReference; lastKnownFileType = sourcecode.c.objc; path = Assal_Assignment1Tests.m; sourceTree = "<group>"; };
		D42E44D3249669A600CD7C38 /* Info.plist */ = {isa = PBXFileReference; lastKnownFileType = text.plist.xml; path = Info.plist; sourceTree = "<group>"; };
		D42E44D8249669A600CD7C38 /* Assal_Assignment1UITests.xctest */ = {isa = PBXFileReference; explicitFileType = wrapper.cfbundle; includeInIndex = 0; path = Assal_Assignment1UITests.xctest; sourceTree = BUILT_PRODUCTS_DIR; };
		D42E44DC249669A600CD7C38 /* Assal_Assignment1UITests.m */ = {isa = PBXFileReference; lastKnownFileType = sourcecode.c.objc; path = Assal_Assignment1UITests.m; sourceTree = "<group>"; };
		D42E44DE249669A600CD7C38 /* Info.plist */ = {isa = PBXFileReference; lastKnownFileType = text.plist.xml; path = Info.plist; sourceTree = "<group>"; };
		D447399A249908EE00E5E305 /* ManagerViewController.h */ = {isa = PBXFileReference; lastKnownFileType = sourcecode.c.h; path = ManagerViewController.h; sourceTree = "<group>"; };
		D447399B249908EE00E5E305 /* ManagerViewController.m */ = {isa = PBXFileReference; lastKnownFileType = sourcecode.c.objc; path = ManagerViewController.m; sourceTree = "<group>"; };
		D447399D2499091300E5E305 /* HistoryViewController.h */ = {isa = PBXFileReference; lastKnownFileType = sourcecode.c.h; path = HistoryViewController.h; sourceTree = "<group>"; };
		D447399E2499091300E5E305 /* HistoryViewController.m */ = {isa = PBXFileReference; lastKnownFileType = sourcecode.c.objc; path = HistoryViewController.m; sourceTree = "<group>"; };
		D44739A02499092000E5E305 /* ResetViewController.h */ = {isa = PBXFileReference; lastKnownFileType = sourcecode.c.h; path = ResetViewController.h; sourceTree = "<group>"; };
		D44739A12499092000E5E305 /* ResetViewController.m */ = {isa = PBXFileReference; lastKnownFileType = sourcecode.c.objc; path = ResetViewController.m; sourceTree = "<group>"; };
		D47A54212496E03500626063 /* Ticket.h */ = {isa = PBXFileReference; lastKnownFileType = sourcecode.c.h; path = Ticket.h; sourceTree = "<group>"; };
		D47A54222496E03500626063 /* Ticket.m */ = {isa = PBXFileReference; lastKnownFileType = sourcecode.c.objc; path = Ticket.m; sourceTree = "<group>"; };
		D47A54242496E04C00626063 /* SoldTicket.h */ = {isa = PBXFileReference; lastKnownFileType = sourcecode.c.h; path = SoldTicket.h; sourceTree = "<group>"; };
		D47A54252496E04C00626063 /* SoldTicket.m */ = {isa = PBXFileReference; lastKnownFileType = sourcecode.c.objc; path = SoldTicket.m; sourceTree = "<group>"; };
		D47A54272496E06000626063 /* TicketMaster.h */ = {isa = PBXFileReference; lastKnownFileType = sourcecode.c.h; path = TicketMaster.h; sourceTree = "<group>"; };
		D47A54282496E06000626063 /* TicketMaster.m */ = {isa = PBXFileReference; lastKnownFileType = sourcecode.c.objc; path = TicketMaster.m; sourceTree = "<group>"; };
		D49382E0249FA0D500F4C112 /* PurchaseDetailViewController.h */ = {isa = PBXFileReference; lastKnownFileType = sourcecode.c.h; path = PurchaseDetailViewController.h; sourceTree = "<group>"; };
		D49382E1249FA0D500F4C112 /* PurchaseDetailViewController.m */ = {isa = PBXFileReference; lastKnownFileType = sourcecode.c.objc; path = PurchaseDetailViewController.m; sourceTree = "<group>"; };
/* End PBXFileReference section */

/* Begin PBXFrameworksBuildPhase section */
		D42E44AF249669A500CD7C38 /* Frameworks */ = {
			isa = PBXFrameworksBuildPhase;
			buildActionMask = 2147483647;
			files = (
			);
			runOnlyForDeploymentPostprocessing = 0;
		};
		D42E44CA249669A600CD7C38 /* Frameworks */ = {
			isa = PBXFrameworksBuildPhase;
			buildActionMask = 2147483647;
			files = (
			);
			runOnlyForDeploymentPostprocessing = 0;
		};
		D42E44D5249669A600CD7C38 /* Frameworks */ = {
			isa = PBXFrameworksBuildPhase;
			buildActionMask = 2147483647;
			files = (
			);
			runOnlyForDeploymentPostprocessing = 0;
		};
/* End PBXFrameworksBuildPhase section */

/* Begin PBXGroup section */
		D42E44A9249669A500CD7C38 = {
			isa = PBXGroup;
			children = (
				D42E44B4249669A500CD7C38 /* Assal_Assignment1 */,
				D42E44D0249669A600CD7C38 /* Assal_Assignment1Tests */,
				D42E44DB249669A600CD7C38 /* Assal_Assignment1UITests */,
				D42E44B3249669A500CD7C38 /* Products */,
			);
			sourceTree = "<group>";
		};
		D42E44B3249669A500CD7C38 /* Products */ = {
			isa = PBXGroup;
			children = (
				D42E44B2249669A500CD7C38 /* Assal_Assignment1.app */,
				D42E44CD249669A600CD7C38 /* Assal_Assignment1Tests.xctest */,
				D42E44D8249669A600CD7C38 /* Assal_Assignment1UITests.xctest */,
			);
			name = Products;
			sourceTree = "<group>";
		};
		D42E44B4249669A500CD7C38 /* Assal_Assignment1 */ = {
			isa = PBXGroup;
			children = (
				D42E44B5249669A500CD7C38 /* AppDelegate.h */,
				D42E44B6249669A500CD7C38 /* AppDelegate.m */,
				D42E44B8249669A500CD7C38 /* SceneDelegate.h */,
				D42E44B9249669A500CD7C38 /* SceneDelegate.m */,
				D42E44BE249669A500CD7C38 /* Main.storyboard */,
				D42E44C1249669A600CD7C38 /* Assets.xcassets */,
				D42E44C3249669A600CD7C38 /* LaunchScreen.storyboard */,
				D42E44C6249669A600CD7C38 /* Info.plist */,
				D42E44C7249669A600CD7C38 /* main.m */,
				D47A54212496E03500626063 /* Ticket.h */,
				D47A54222496E03500626063 /* Ticket.m */,
				D47A54242496E04C00626063 /* SoldTicket.h */,
				D47A54252496E04C00626063 /* SoldTicket.m */,
				D47A54272496E06000626063 /* TicketMaster.h */,
				D47A54282496E06000626063 /* TicketMaster.m */,
				D44739A32499095C00E5E305 /* controllers */,
			);
			path = Assal_Assignment1;
			sourceTree = "<group>";
		};
		D42E44D0249669A600CD7C38 /* Assal_Assignment1Tests */ = {
			isa = PBXGroup;
			children = (
				D42E44D1249669A600CD7C38 /* Assal_Assignment1Tests.m */,
				D42E44D3249669A600CD7C38 /* Info.plist */,
			);
			path = Assal_Assignment1Tests;
			sourceTree = "<group>";
		};
		D42E44DB249669A600CD7C38 /* Assal_Assignment1UITests */ = {
			isa = PBXGroup;
			children = (
				D42E44DC249669A600CD7C38 /* Assal_Assignment1UITests.m */,
				D42E44DE249669A600CD7C38 /* Info.plist */,
			);
			path = Assal_Assignment1UITests;
			sourceTree = "<group>";
		};
		D44739A32499095C00E5E305 /* controllers */ = {
			isa = PBXGroup;
			children = (
				D42E44BB249669A500CD7C38 /* ViewController.h */,
				D42E44BC249669A500CD7C38 /* ViewController.m */,
				D447399A249908EE00E5E305 /* ManagerViewController.h */,
				D447399B249908EE00E5E305 /* ManagerViewController.m */,
				D447399D2499091300E5E305 /* HistoryViewController.h */,
				D447399E2499091300E5E305 /* HistoryViewController.m */,
				D44739A02499092000E5E305 /* ResetViewController.h */,
				D44739A12499092000E5E305 /* ResetViewController.m */,
				D49382E0249FA0D500F4C112 /* PurchaseDetailViewController.h */,
				D49382E1249FA0D500F4C112 /* PurchaseDetailViewController.m */,
			);
			path = controllers;
			sourceTree = "<group>";
		};
/* End PBXGroup section */

/* Begin PBXNativeTarget section */
		D42E44B1249669A500CD7C38 /* Assal_Assignment1 */ = {
			isa = PBXNativeTarget;
			buildConfigurationList = D42E44E1249669A600CD7C38 /* Build configuration list for PBXNativeTarget "Assal_Assignment1" */;
			buildPhases = (
				D42E44AE249669A500CD7C38 /* Sources */,
				D42E44AF249669A500CD7C38 /* Frameworks */,
				D42E44B0249669A500CD7C38 /* Resources */,
			);
			buildRules = (
			);
			dependencies = (
			);
			name = Assal_Assignment1;
			productName = Assal_Assignment1;
			productReference = D42E44B2249669A500CD7C38 /* Assal_Assignment1.app */;
			productType = "com.apple.product-type.application";
		};
		D42E44CC249669A600CD7C38 /* Assal_Assignment1Tests */ = {
			isa = PBXNativeTarget;
			buildConfigurationList = D42E44E4249669A600CD7C38 /* Build configuration list for PBXNativeTarget "Assal_Assignment1Tests" */;
			buildPhases = (
				D42E44C9249669A600CD7C38 /* Sources */,
				D42E44CA249669A600CD7C38 /* Frameworks */,
				D42E44CB249669A600CD7C38 /* Resources */,
			);
			buildRules = (
			);
			dependencies = (
				D42E44CF249669A600CD7C38 /* PBXTargetDependency */,
			);
			name = Assal_Assignment1Tests;
			productName = Assal_Assignment1Tests;
			productReference = D42E44CD249669A600CD7C38 /* Assal_Assignment1Tests.xctest */;
			productType = "com.apple.product-type.bundle.unit-test";
		};
		D42E44D7249669A600CD7C38 /* Assal_Assignment1UITests */ = {
			isa = PBXNativeTarget;
			buildConfigurationList = D42E44E7249669A600CD7C38 /* Build configuration list for PBXNativeTarget "Assal_Assignment1UITests" */;
			buildPhases = (
				D42E44D4249669A600CD7C38 /* Sources */,
				D42E44D5249669A600CD7C38 /* Frameworks */,
				D42E44D6249669A600CD7C38 /* Resources */,
			);
			buildRules = (
			);
			dependencies = (
				D42E44DA249669A600CD7C38 /* PBXTargetDependency */,
			);
			name = Assal_Assignment1UITests;
			productName = Assal_Assignment1UITests;
			productReference = D42E44D8249669A600CD7C38 /* Assal_Assignment1UITests.xctest */;
			productType = "com.apple.product-type.bundle.ui-testing";
		};
/* End PBXNativeTarget section */

/* Begin PBXProject section */
		D42E44AA249669A500CD7C38 /* Project object */ = {
			isa = PBXProject;
			attributes = {
				LastUpgradeCheck = 1150;
				ORGANIZATIONNAME = Assal;
				TargetAttributes = {
					D42E44B1249669A500CD7C38 = {
						CreatedOnToolsVersion = 11.5;
					};
					D42E44CC249669A600CD7C38 = {
						CreatedOnToolsVersion = 11.5;
						TestTargetID = D42E44B1249669A500CD7C38;
					};
					D42E44D7249669A600CD7C38 = {
						CreatedOnToolsVersion = 11.5;
						TestTargetID = D42E44B1249669A500CD7C38;
					};
				};
			};
			buildConfigurationList = D42E44AD249669A500CD7C38 /* Build configuration list for PBXProject "Assal_Assignment1" */;
			compatibilityVersion = "Xcode 9.3";
			developmentRegion = en;
			hasScannedForEncodings = 0;
			knownRegions = (
				en,
				Base,
			);
			mainGroup = D42E44A9249669A500CD7C38;
			productRefGroup = D42E44B3249669A500CD7C38 /* Products */;
			projectDirPath = "";
			projectRoot = "";
			targets = (
				D42E44B1249669A500CD7C38 /* Assal_Assignment1 */,
				D42E44CC249669A600CD7C38 /* Assal_Assignment1Tests */,
				D42E44D7249669A600CD7C38 /* Assal_Assignment1UITests */,
			);
		};
/* End PBXProject section */

/* Begin PBXResourcesBuildPhase section */
		D42E44B0249669A500CD7C38 /* Resources */ = {
			isa = PBXResourcesBuildPhase;
			buildActionMask = 2147483647;
			files = (
				D42E44C5249669A600CD7C38 /* LaunchScreen.storyboard in Resources */,
				D42E44C2249669A600CD7C38 /* Assets.xcassets in Resources */,
				D42E44C0249669A500CD7C38 /* Main.storyboard in Resources */,
			);
			runOnlyForDeploymentPostprocessing = 0;
		};
		D42E44CB249669A600CD7C38 /* Resources */ = {
			isa = PBXResourcesBuildPhase;
			buildActionMask = 2147483647;
			files = (
			);
			runOnlyForDeploymentPostprocessing = 0;
		};
		D42E44D6249669A600CD7C38 /* Resources */ = {
			isa = PBXResourcesBuildPhase;
			buildActionMask = 2147483647;
			files = (
			);
			runOnlyForDeploymentPostprocessing = 0;
		};
/* End PBXResourcesBuildPhase section */

/* Begin PBXSourcesBuildPhase section */
		D42E44AE249669A500CD7C38 /* Sources */ = {
			isa = PBXSourcesBuildPhase;
			buildActionMask = 2147483647;
			files = (
				D47A54232496E03500626063 /* Ticket.m in Sources */,
				D42E44BD249669A500CD7C38 /* ViewController.m in Sources */,
				D447399F2499091300E5E305 /* HistoryViewController.m in Sources */,
				D42E44B7249669A500CD7C38 /* AppDelegate.m in Sources */,
				D47A54262496E04C00626063 /* SoldTicket.m in Sources */,
				D447399C249908EE00E5E305 /* ManagerViewController.m in Sources */,
				D47A54292496E06000626063 /* TicketMaster.m in Sources */,
				D49382E2249FA0D500F4C112 /* PurchaseDetailViewController.m in Sources */,
				D42E44C8249669A600CD7C38 /* main.m in Sources */,
				D44739A22499092000E5E305 /* ResetViewController.m in Sources */,
				D42E44BA249669A500CD7C38 /* SceneDelegate.m in Sources */,
			);
			runOnlyForDeploymentPostprocessing = 0;
		};
		D42E44C9249669A600CD7C38 /* Sources */ = {
			isa = PBXSourcesBuildPhase;
			buildActionMask = 2147483647;
			files = (
				D42E44D2249669A600CD7C38 /* Assal_Assignment1Tests.m in Sources */,
			);
			runOnlyForDeploymentPostprocessing = 0;
		};
		D42E44D4249669A600CD7C38 /* Sources */ = {
			isa = PBXSourcesBuildPhase;
			buildActionMask = 2147483647;
			files = (
				D42E44DD249669A600CD7C38 /* Assal_Assignment1UITests.m in Sources */,
			);
			runOnlyForDeploymentPostprocessing = 0;
		};
/* End PBXSourcesBuildPhase section */

/* Begin PBXTargetDependency section */
		D42E44CF249669A600CD7C38 /* PBXTargetDependency */ = {
			isa = PBXTargetDependency;
			target = D42E44B1249669A500CD7C38 /* Assal_Assignment1 */;
			targetProxy = D42E44CE249669A600CD7C38 /* PBXContainerItemProxy */;
		};
		D42E44DA249669A600CD7C38 /* PBXTargetDependency */ = {
			isa = PBXTargetDependency;
			target = D42E44B1249669A500CD7C38 /* Assal_Assignment1 */;
			targetProxy = D42E44D9249669A600CD7C38 /* PBXContainerItemProxy */;
		};
/* End PBXTargetDependency section */

/* Begin PBXVariantGroup section */
		D42E44BE249669A500CD7C38 /* Main.storyboard */ = {
			isa = PBXVariantGroup;
			children = (
				D42E44BF249669A500CD7C38 /* Base */,
			);
			name = Main.storyboard;
			sourceTree = "<group>";
		};
		D42E44C3249669A600CD7C38 /* LaunchScreen.storyboard */ = {
			isa = PBXVariantGroup;
			children = (
				D42E44C4249669A600CD7C38 /* Base */,
			);
			name = LaunchScreen.storyboard;
			sourceTree = "<group>";
		};
/* End PBXVariantGroup section */

/* Begin XCBuildConfiguration section */
		D42E44DF249669A600CD7C38 /* Debug */ = {
			isa = XCBuildConfiguration;
			buildSettings = {
				ALWAYS_SEARCH_USER_PATHS = NO;
				CLANG_ANALYZER_NONNULL = YES;
				CLANG_ANALYZER_NUMBER_OBJECT_CONVERSION = YES_AGGRESSIVE;
				CLANG_CXX_LANGUAGE_STANDARD = "gnu++14";
				CLANG_CXX_LIBRARY = "libc++";
				CLANG_ENABLE_MODULES = YES;
				CLANG_ENABLE_OBJC_ARC = YES;
				CLANG_ENABLE_OBJC_WEAK = YES;
				CLANG_WARN_BLOCK_CAPTURE_AUTORELEASING = YES;
				CLANG_WARN_BOOL_CONVERSION = YES;
				CLANG_WARN_COMMA = YES;
				CLANG_WARN_CONSTANT_CONVERSION = YES;
				CLANG_WARN_DEPRECATED_OBJC_IMPLEMENTATIONS = YES;
				CLANG_WARN_DIRECT_OBJC_ISA_USAGE = YES_ERROR;
				CLANG_WARN_DOCUMENTATION_COMMENTS = YES;
				CLANG_WARN_EMPTY_BODY = YES;
				CLANG_WARN_ENUM_CONVERSION = YES;
				CLANG_WARN_INFINITE_RECURSION = YES;
				CLANG_WARN_INT_CONVERSION = YES;
				CLANG_WARN_NON_LITERAL_NULL_CONVERSION = YES;
				CLANG_WARN_OBJC_IMPLICIT_RETAIN_SELF = YES;
				CLANG_WARN_OBJC_LITERAL_CONVERSION = YES;
				CLANG_WARN_OBJC_ROOT_CLASS = YES_ERROR;
				CLANG_WARN_RANGE_LOOP_ANALYSIS = YES;
				CLANG_WARN_STRICT_PROTOTYPES = YES;
				CLANG_WARN_SUSPICIOUS_MOVE = YES;
				CLANG_WARN_UNGUARDED_AVAILABILITY = YES_AGGRESSIVE;
				CLANG_WARN_UNREACHABLE_CODE = YES;
				CLANG_WARN__DUPLICATE_METHOD_MATCH = YES;
				COPY_PHASE_STRIP = NO;
				DEBUG_INFORMATION_FORMAT = dwarf;
				ENABLE_STRICT_OBJC_MSGSEND = YES;
				ENABLE_TESTABILITY = YES;
				GCC_C_LANGUAGE_STANDARD = gnu11;
				GCC_DYNAMIC_NO_PIC = NO;
				GCC_NO_COMMON_BLOCKS = YES;
				GCC_OPTIMIZATION_LEVEL = 0;
				GCC_PREPROCESSOR_DEFINITIONS = (
					"DEBUG=1",
					"$(inherited)",
				);
				GCC_WARN_64_TO_32_BIT_CONVERSION = YES;
				GCC_WARN_ABOUT_RETURN_TYPE = YES_ERROR;
				GCC_WARN_UNDECLARED_SELECTOR = YES;
				GCC_WARN_UNINITIALIZED_AUTOS = YES_AGGRESSIVE;
				GCC_WARN_UNUSED_FUNCTION = YES;
				GCC_WARN_UNUSED_VARIABLE = YES;
				IPHONEOS_DEPLOYMENT_TARGET = 13.5;
				MTL_ENABLE_DEBUG_INFO = INCLUDE_SOURCE;
				MTL_FAST_MATH = YES;
				ONLY_ACTIVE_ARCH = YES;
				SDKROOT = iphoneos;
			};
			name = Debug;
		};
		D42E44E0249669A600CD7C38 /* Release */ = {
			isa = XCBuildConfiguration;
			buildSettings = {
				ALWAYS_SEARCH_USER_PATHS = NO;
				CLANG_ANALYZER_NONNULL = YES;
				CLANG_ANALYZER_NUMBER_OBJECT_CONVERSION = YES_AGGRESSIVE;
				CLANG_CXX_LANGUAGE_STANDARD = "gnu++14";
				CLANG_CXX_LIBRARY = "libc++";
				CLANG_ENABLE_MODULES = YES;
				CLANG_ENABLE_OBJC_ARC = YES;
				CLANG_ENABLE_OBJC_WEAK = YES;
				CLANG_WARN_BLOCK_CAPTURE_AUTORELEASING = YES;
				CLANG_WARN_BOOL_CONVERSION = YES;
				CLANG_WARN_COMMA = YES;
				CLANG_WARN_CONSTANT_CONVERSION = YES;
				CLANG_WARN_DEPRECATED_OBJC_IMPLEMENTATIONS = YES;
				CLANG_WARN_DIRECT_OBJC_ISA_USAGE = YES_ERROR;
				CLANG_WARN_DOCUMENTATION_COMMENTS = YES;
				CLANG_WARN_EMPTY_BODY = YES;
				CLANG_WARN_ENUM_CONVERSION = YES;
				CLANG_WARN_INFINITE_RECURSION = YES;
				CLANG_WARN_INT_CONVERSION = YES;
				CLANG_WARN_NON_LITERAL_NULL_CONVERSION = YES;
				CLANG_WARN_OBJC_IMPLICIT_RETAIN_SELF = YES;
				CLANG_WARN_OBJC_LITERAL_CONVERSION = YES;
				CLANG_WARN_OBJC_ROOT_CLASS = YES_ERROR;
				CLANG_WARN_RANGE_LOOP_ANALYSIS = YES;
				CLANG_WARN_STRICT_PROTOTYPES = YES;
				CLANG_WARN_SUSPICIOUS_MOVE = YES;
				CLANG_WARN_UNGUARDED_AVAILABILITY = YES_AGGRESSIVE;
				CLANG_WARN_UNREACHABLE_CODE = YES;
				CLANG_WARN__DUPLICATE_METHOD_MATCH = YES;
				COPY_PHASE_STRIP = NO;
				DEBUG_INFORMATION_FORMAT = "dwarf-with-dsym";
				ENABLE_NS_ASSERTIONS = NO;
				ENABLE_STRICT_OBJC_MSGSEND = YES;
				GCC_C_LANGUAGE_STANDARD = gnu11;
				GCC_NO_COMMON_BLOCKS = YES;
				GCC_WARN_64_TO_32_BIT_CONVERSION = YES;
				GCC_WARN_ABOUT_RETURN_TYPE = YES_ERROR;
				GCC_WARN_UNDECLARED_SELECTOR = YES;
				GCC_WARN_UNINITIALIZED_AUTOS = YES_AGGRESSIVE;
				GCC_WARN_UNUSED_FUNCTION = YES;
				GCC_WARN_UNUSED_VARIABLE = YES;
				IPHONEOS_DEPLOYMENT_TARGET = 13.5;
				MTL_ENABLE_DEBUG_INFO = NO;
				MTL_FAST_MATH = YES;
				SDKROOT = iphoneos;
				VALIDATE_PRODUCT = YES;
			};
			name = Release;
		};
		D42E44E2249669A600CD7C38 /* Debug */ = {
			isa = XCBuildConfiguration;
			buildSettings = {
				ASSETCATALOG_COMPILER_APPICON_NAME = AppIcon;
				CODE_SIGN_STYLE = Automatic;
				INFOPLIST_FILE = Assal_Assignment1/Info.plist;
				LD_RUNPATH_SEARCH_PATHS = (
					"$(inherited)",
					"@executable_path/Frameworks",
				);
				PRODUCT_BUNDLE_IDENTIFIER = "com.assal.Assal-Assignment1";
				PRODUCT_NAME = "$(TARGET_NAME)";
				TARGETED_DEVICE_FAMILY = "1,2";
			};
			name = Debug;
		};
		D42E44E3249669A600CD7C38 /* Release */ = {
			isa = XCBuildConfiguration;
			buildSettings = {
				ASSETCATALOG_COMPILER_APPICON_NAME = AppIcon;
				CODE_SIGN_STYLE = Automatic;
				INFOPLIST_FILE = Assal_Assignment1/Info.plist;
				LD_RUNPATH_SEARCH_PATHS = (
					"$(inherited)",
					"@executable_path/Frameworks",
				);
				PRODUCT_BUNDLE_IDENTIFIER = "com.assal.Assal-Assignment1";
				PRODUCT_NAME = "$(TARGET_NAME)";
				TARGETED_DEVICE_FAMILY = "1,2";
			};
			name = Release;
		};
		D42E44E5249669A600CD7C38 /* Debug */ = {
			isa = XCBuildConfiguration;
			buildSettings = {
				BUNDLE_LOADER = "$(TEST_HOST)";
				CODE_SIGN_STYLE = Automatic;
				INFOPLIST_FILE = Assal_Assignment1Tests/Info.plist;
				IPHONEOS_DEPLOYMENT_TARGET = 13.5;
				LD_RUNPATH_SEARCH_PATHS = (
					"$(inherited)",
					"@executable_path/Frameworks",
					"@loader_path/Frameworks",
				);
				PRODUCT_BUNDLE_IDENTIFIER = "com.assal.Assal-Assignment1Tests";
				PRODUCT_NAME = "$(TARGET_NAME)";
				TARGETED_DEVICE_FAMILY = "1,2";
				TEST_HOST = "$(BUILT_PRODUCTS_DIR)/Assal_Assignment1.app/Assal_Assignment1";
			};
			name = Debug;
		};
		D42E44E6249669A600CD7C38 /* Release */ = {
			isa = XCBuildConfiguration;
			buildSettings = {
				BUNDLE_LOADER = "$(TEST_HOST)";
				CODE_SIGN_STYLE = Automatic;
				INFOPLIST_FILE = Assal_Assignment1Tests/Info.plist;
				IPHONEOS_DEPLOYMENT_TARGET = 13.5;
				LD_RUNPATH_SEARCH_PATHS = (
					"$(inherited)",
					"@executable_path/Frameworks",
					"@loader_path/Frameworks",
				);
				PRODUCT_BUNDLE_IDENTIFIER = "com.assal.Assal-Assignment1Tests";
				PRODUCT_NAME = "$(TARGET_NAME)";
				TARGETED_DEVICE_FAMILY = "1,2";
				TEST_HOST = "$(BUILT_PRODUCTS_DIR)/Assal_Assignment1.app/Assal_Assignment1";
			};
			name = Release;
		};
		D42E44E8249669A600CD7C38 /* Debug */ = {
			isa = XCBuildConfiguration;
			buildSettings = {
				CODE_SIGN_STYLE = Automatic;
				INFOPLIST_FILE = Assal_Assignment1UITests/Info.plist;
				LD_RUNPATH_SEARCH_PATHS = (
					"$(inherited)",
					"@executable_path/Frameworks",
					"@loader_path/Frameworks",
				);
				PRODUCT_BUNDLE_IDENTIFIER = "com.assal.Assal-Assignment1UITests";
				PRODUCT_NAME = "$(TARGET_NAME)";
				TARGETED_DEVICE_FAMILY = "1,2";
				TEST_TARGET_NAME = Assal_Assignment1;
			};
			name = Debug;
		};
		D42E44E9249669A600CD7C38 /* Release */ = {
			isa = XCBuildConfiguration;
			buildSettings = {
				CODE_SIGN_STYLE = Automatic;
				INFOPLIST_FILE = Assal_Assignment1UITests/Info.plist;
				LD_RUNPATH_SEARCH_PATHS = (
					"$(inherited)",
					"@executable_path/Frameworks",
					"@loader_path/Frameworks",
				);
				PRODUCT_BUNDLE_IDENTIFIER = "com.assal.Assal-Assignment1UITests";
				PRODUCT_NAME = "$(TARGET_NAME)";
				TARGETED_DEVICE_FAMILY = "1,2";
				TEST_TARGET_NAME = Assal_Assignment1;
			};
			name = Release;
		};
/* End XCBuildConfiguration section */

/* Begin XCConfigurationList section */
		D42E44AD249669A500CD7C38 /* Build configuration list for PBXProject "Assal_Assignment1" */ = {
			isa = XCConfigurationList;
			buildConfigurations = (
				D42E44DF249669A600CD7C38 /* Debug */,
				D42E44E0249669A600CD7C38 /* Release */,
			);
			defaultConfigurationIsVisible = 0;
			defaultConfigurationName = Release;
		};
		D42E44E1249669A600CD7C38 /* Build configuration list for PBXNativeTarget "Assal_Assignment1" */ = {
			isa = XCConfigurationList;
			buildConfigurations = (
				D42E44E2249669A600CD7C38 /* Debug */,
				D42E44E3249669A600CD7C38 /* Release */,
			);
			defaultConfigurationIsVisible = 0;
			defaultConfigurationName = Release;
		};
		D42E44E4249669A600CD7C38 /* Build configuration list for PBXNativeTarget "Assal_Assignment1Tests" */ = {
			isa = XCConfigurationList;
			buildConfigurations = (
				D42E44E5249669A600CD7C38 /* Debug */,
				D42E44E6249669A600CD7C38 /* Release */,
			);
			defaultConfigurationIsVisible = 0;
			defaultConfigurationName = Release;
		};
		D42E44E7249669A600CD7C38 /* Build configuration list for PBXNativeTarget "Assal_Assignment1UITests" */ = {
			isa = XCConfigurationList;
			buildConfigurations = (
				D42E44E8249669A600CD7C38 /* Debug */,
				D42E44E9249669A600CD7C38 /* Release */,
			);
			defaultConfigurationIsVisible = 0;
			defaultConfigurationName = Release;
		};
/* End XCConfigurationList section */
	};
	rootObject = D42E44AA249669A500CD7C38 /* Project object */;
}
